
Microsoft Visual Studio Solution File, Format Version 12.00
# Visual Studio Version 16
VisualStudioVersion = 16.0.31702.278
MinimumVisualStudioVersion = 10.0.40219.1
Project("{FAE04EC0-301F-11D3-BF4B-00C04F79EFBC}") = "WebAPI", "WebAPI\WebAPI.csproj", "{B910EF91-5F7E-4660-B499-56DB622D2518}"
EndProject
Project("{FAE04EC0-301F-11D3-BF4B-00C04F79EFBC}") = "WebAPI.Test", "WebAPI.Test\WebAPI.Test.csproj", "{C3CCE1E8-8FC4-4061-BADB-437F7D73A7EA}"
EndProject
Project("{FAE04EC0-301F-11D3-BF4B-00C04F79EFBC}") = "WebAPI.Domain", "WebAPI.Domain\WebAPI.Domain.csproj", "{F062EFA6-FB8F-4392-9FC5-D4E1A3B29056}"
EndProject
Global
	GlobalSection(SolutionConfigurationPlatforms) = preSolution
		Debug|Any CPU = Debug|Any CPU
		Release|Any CPU = Release|Any CPU
	EndGlobalSection
	GlobalSection(ProjectConfigurationPlatforms) = postSolution
		{B910EF91-5F7E-4660-B499-56DB622D2518}.Debug|Any CPU.ActiveCfg = Debug|Any CPU
		{B910EF91-5F7E-4660-B499-56DB622D2518}.Debug|Any CPU.Build.0 = Debug|Any CPU
		{B910EF91-5F7E-4660-B499-56DB622D2518}.Release|Any CPU.ActiveCfg = Release|Any CPU
		{B910EF91-5F7E-4660-B499-56DB622D2518}.Release|Any CPU.Build.0 = Release|Any CPU
		{C3CCE1E8-8FC4-4061-BADB-437F7D73A7EA}.Debug|Any CPU.ActiveCfg = Debug|Any CPU
		{C3CCE1E8-8FC4-4061-BADB-437F7D73A7EA}.Debug|Any CPU.Build.0 = Debug|Any CPU
		{C3CCE1E8-8FC4-4061-BADB-437F7D73A7EA}.Release|Any CPU.ActiveCfg = Release|Any CPU
		{C3CCE1E8-8FC4-4061-BADB-437F7D73A7EA}.Release|Any CPU.Build.0 = Release|Any CPU
		{F062EFA6-FB8F-4392-9FC5-D4E1A3B29056}.Debug|Any CPU.ActiveCfg = Debug|Any CPU
		{F062EFA6-FB8F-4392-9FC5-D4E1A3B29056}.Debug|Any CPU.Build.0 = Debug|Any CPU
		{F062EFA6-FB8F-4392-9FC5-D4E1A3B29056}.Release|Any CPU.ActiveCfg = Release|Any CPU
		{F062EFA6-FB8F-4392-9FC5-D4E1A3B29056}.Release|Any CPU.Build.0 = Release|Any CPU
	EndGlobalSection
	GlobalSection(SolutionProperties) = preSolution
		HideSolutionNode = FALSE
	EndGlobalSection
	GlobalSection(ExtensibilityGlobals) = postSolution
		SolutionGuid = {88322F6C-8D1C-406A-BDE6-A3556B8D35D7}
	EndGlobalSection
EndGlobal
